
Microsoft Visual Studio Solution File, Format Version 12.00
# Visual Studio Version 16
VisualStudioVersion = 16.0.29609.76
MinimumVisualStudioVersion = 10.0.40219.1
Project("{FAE04EC0-301F-11D3-BF4B-00C04F79EFBC}") = "Demo_CoreCRUD", "Demo_CoreCRUD\Demo_CoreCRUD.csproj", "{DEEEC887-051F-4DEF-8EF3-58D6F3507236}"
EndProject
Global
	GlobalSection(SolutionConfigurationPlatforms) = preSolution
		Debug|Any CPU = Debug|Any CPU
		Release|Any CPU = Release|Any CPU
	EndGlobalSection
	GlobalSection(ProjectConfigurationPlatforms) = postSolution
		{DEEEC887-051F-4DEF-8EF3-58D6F3507236}.Debug|Any CPU.ActiveCfg = Debug|Any CPU
		{DEEEC887-051F-4DEF-8EF3-58D6F3507236}.Debug|Any CPU.Build.0 = Debug|Any CPU
		{DEEEC887-051F-4DEF-8EF3-58D6F3507236}.Release|Any CPU.ActiveCfg = Release|Any CPU
		{DEEEC887-051F-4DEF-8EF3-58D6F3507236}.Release|Any CPU.Build.0 = Release|Any CPU
	EndGlobalSection
	GlobalSection(SolutionProperties) = preSolution
		HideSolutionNode = FALSE
	EndGlobalSection
	GlobalSection(ExtensibilityGlobals) = postSolution
		SolutionGuid = {6F5FF9E7-8D95-4C28-BAA6-0EDD7B32D26F}
	EndGlobalSection
EndGlobal
